
Microsoft Visual Studio Solution File, Format Version 12.00
# Visual Studio Version 17
VisualStudioVersion = 17.0.32014.148
MinimumVisualStudioVersion = 10.0.40219.1
Project("{9A19103F-16F7-4668-BE54-9A1E7A4F7556}") = "GSProInterface", "GSProInterface\GSProInterface.csproj", "{ED058DCE-1761-4B03-8342-8BEAE41BC7DE}"
EndProject
Project("{9A19103F-16F7-4668-BE54-9A1E7A4F7556}") = "GSProInterface.UI", "GSProInterface.UI\GSProInterface.UI.csproj", "{9473EDCA-EB09-43FC-9B39-A603BE3B49E8}"
EndProject
Project("{9A19103F-16F7-4668-BE54-9A1E7A4F7556}") = "GSProInterface.Test", "GSProInterface.Test\GSProInterface.Test.csproj", "{49553E6A-7970-49A4-A4AF-3EC366217F96}"
EndProject
Project("{2150E333-8FDC-42A3-9474-1A3956D46DE8}") = "Solution Items", "Solution Items", "{33E5CA9F-BC88-473F-B1E8-03E0DBB6EA1E}"
	ProjectSection(SolutionItems) = preProject
		README.md = README.md
	EndProjectSection
EndProject
Project("{9A19103F-16F7-4668-BE54-9A1E7A4F7556}") = "GSProInterface.TestConsole", "GSProInterface.TestConsole\GSProInterface.TestConsole.csproj", "{511CEA40-97CF-46F5-9720-B333AB31D97F}"
EndProject
Global
	GlobalSection(SolutionConfigurationPlatforms) = preSolution
		Debug|Any CPU = Debug|Any CPU
		Release|Any CPU = Release|Any CPU
	EndGlobalSection
	GlobalSection(ProjectConfigurationPlatforms) = postSolution
		{ED058DCE-1761-4B03-8342-8BEAE41BC7DE}.Debug|Any CPU.ActiveCfg = Release|Any CPU
		{ED058DCE-1761-4B03-8342-8BEAE41BC7DE}.Debug|Any CPU.Build.0 = Release|Any CPU
		{ED058DCE-1761-4B03-8342-8BEAE41BC7DE}.Release|Any CPU.ActiveCfg = Release|Any CPU
		{ED058DCE-1761-4B03-8342-8BEAE41BC7DE}.Release|Any CPU.Build.0 = Release|Any CPU
		{9473EDCA-EB09-43FC-9B39-A603BE3B49E8}.Debug|Any CPU.ActiveCfg = Release|Any CPU
		{9473EDCA-EB09-43FC-9B39-A603BE3B49E8}.Debug|Any CPU.Build.0 = Release|Any CPU
		{9473EDCA-EB09-43FC-9B39-A603BE3B49E8}.Release|Any CPU.ActiveCfg = Release|Any CPU
		{9473EDCA-EB09-43FC-9B39-A603BE3B49E8}.Release|Any CPU.Build.0 = Release|Any CPU
		{49553E6A-7970-49A4-A4AF-3EC366217F96}.Debug|Any CPU.ActiveCfg = Debug|Any CPU
		{49553E6A-7970-49A4-A4AF-3EC366217F96}.Debug|Any CPU.Build.0 = Debug|Any CPU
		{49553E6A-7970-49A4-A4AF-3EC366217F96}.Release|Any CPU.ActiveCfg = Release|Any CPU
		{49553E6A-7970-49A4-A4AF-3EC366217F96}.Release|Any CPU.Build.0 = Release|Any CPU
		{511CEA40-97CF-46F5-9720-B333AB31D97F}.Debug|Any CPU.ActiveCfg = Debug|Any CPU
		{511CEA40-97CF-46F5-9720-B333AB31D97F}.Debug|Any CPU.Build.0 = Debug|Any CPU
		{511CEA40-97CF-46F5-9720-B333AB31D97F}.Release|Any CPU.ActiveCfg = Release|Any CPU
		{511CEA40-97CF-46F5-9720-B333AB31D97F}.Release|Any CPU.Build.0 = Release|Any CPU
	EndGlobalSection
	GlobalSection(SolutionProperties) = preSolution
		HideSolutionNode = FALSE
	EndGlobalSection
	GlobalSection(ExtensibilityGlobals) = postSolution
		SolutionGuid = {F18E16E5-A85E-42CC-B342-6393F507E81A}
	EndGlobalSection
EndGlobal
